// !$*UTF8*$!
{
	archiveVersion = 1;
	classes = {
	};
	objectVersion = 46;
	objects = {

/* Begin PBXBuildFile section */
		3657224F1CD1DF0E001C5B64 /* UserProfileTableViewController.swift in Sources */ = {isa = PBXBuildFile; fileRef = 3657224E1CD1DF0E001C5B64 /* UserProfileTableViewController.swift */; };
		3669CB9C1CB341E200308F98 /* SignUpViewController.swift in Sources */ = {isa = PBXBuildFile; fileRef = 3669CB9B1CB341E200308F98 /* SignUpViewController.swift */; };
		3669CBA21CB3584E00308F98 /* FilterTableViewController.swift in Sources */ = {isa = PBXBuildFile; fileRef = 3669CBA11CB3584E00308F98 /* FilterTableViewController.swift */; };
		3669CBA41CB3597400308F98 /* InboxTableViewController.swift in Sources */ = {isa = PBXBuildFile; fileRef = 3669CBA31CB3597400308F98 /* InboxTableViewController.swift */; };
		3669CBA61CB365C600308F98 /* EditingTableViewController.swift in Sources */ = {isa = PBXBuildFile; fileRef = 3669CBA51CB365C600308F98 /* EditingTableViewController.swift */; };
		3669CBA81CB3660600308F98 /* ProfileTableViewController.swift in Sources */ = {isa = PBXBuildFile; fileRef = 3669CBA71CB3660600308F98 /* ProfileTableViewController.swift */; };
		36F8D38F1CB05BFF00DD4C09 /* LoginViewController.swift in Sources */ = {isa = PBXBuildFile; fileRef = 36F8D38E1CB05BFF00DD4C09 /* LoginViewController.swift */; };
		7753BB6C060CB85E945CEFF5 /* Pods.framework in Frameworks */ = {isa = PBXBuildFile; fileRef = D9DFA62E6A68146D6D28D3A9 /* Pods.framework */; };
		C20391161CB589AB0050C04B /* tutorfinder.jpeg in Resources */ = {isa = PBXBuildFile; fileRef = C20391151CB589AB0050C04B /* tutorfinder.jpeg */; };
		C2737AC71CC42E9400A579F5 /* Student.swift in Sources */ = {isa = PBXBuildFile; fileRef = C2737AC61CC42E9400A579F5 /* Student.swift */; };
		C2737AC91CC430DB00A579F5 /* StudentsRepo.swift in Sources */ = {isa = PBXBuildFile; fileRef = C2737AC81CC430DB00A579F5 /* StudentsRepo.swift */; };
		C2737ACB1CC43A4600A579F5 /* TutorTableViewController.swift in Sources */ = {isa = PBXBuildFile; fileRef = C2737ACA1CC43A4600A579F5 /* TutorTableViewController.swift */; };
		C2737ACD1CC43AB100A579F5 /* TutorTableViewCell.swift in Sources */ = {isa = PBXBuildFile; fileRef = C2737ACC1CC43AB100A579F5 /* TutorTableViewCell.swift */; };
		C2737ACF1CC4669D00A579F5 /* FilterDetailTableViewController.swift in Sources */ = {isa = PBXBuildFile; fileRef = C2737ACE1CC4669D00A579F5 /* FilterDetailTableViewController.swift */; };
		C2E854321CCC0A2F0043893A /* BackendUtilities.swift in Sources */ = {isa = PBXBuildFile; fileRef = C2E854311CCC0A2F0043893A /* BackendUtilities.swift */; };
		C2F7C5281CB498270031523C /* SGnJH4T.jpg in Resources */ = {isa = PBXBuildFile; fileRef = C2F7C5271CB498270031523C /* SGnJH4T.jpg */; };
		C2F7C52A1CB498630031523C /* cute1.jpg in Resources */ = {isa = PBXBuildFile; fileRef = C2F7C5291CB498630031523C /* cute1.jpg */; };
		C2F7C52C1CB4AE080031523C /* filterCell.swift in Sources */ = {isa = PBXBuildFile; fileRef = C2F7C52B1CB4AE080031523C /* filterCell.swift */; };
		C2F7C52E1CB4B9DF0031523C /* facebook-avatar.jpg in Resources */ = {isa = PBXBuildFile; fileRef = C2F7C52D1CB4B9DF0031523C /* facebook-avatar.jpg */; };
		C2F7C5341CB4C72A0031523C /* square-facebook-512.png in Resources */ = {isa = PBXBuildFile; fileRef = C2F7C5311CB4C72A0031523C /* square-facebook-512.png */; };
		C2F7C5351CB4C72A0031523C /* twitter_letter-512.png in Resources */ = {isa = PBXBuildFile; fileRef = C2F7C5321CB4C72A0031523C /* twitter_letter-512.png */; };
		C2F7C5361CB4C72A0031523C /* WeChat-Icon.png in Resources */ = {isa = PBXBuildFile; fileRef = C2F7C5331CB4C72A0031523C /* WeChat-Icon.png */; };
		C2F7C53A1CB4C7D80031523C /* female.png in Resources */ = {isa = PBXBuildFile; fileRef = C2F7C5371CB4C7D80031523C /* female.png */; };
		C2F7C53B1CB4C7D80031523C /* male.jpeg in Resources */ = {isa = PBXBuildFile; fileRef = C2F7C5381CB4C7D80031523C /* male.jpeg */; };
		C2F7C53C1CB4C7D80031523C /* unknow.png in Resources */ = {isa = PBXBuildFile; fileRef = C2F7C5391CB4C7D80031523C /* unknow.png */; };
		C2F7C5421CB4CADE0031523C /* emptystart.png in Resources */ = {isa = PBXBuildFile; fileRef = C2F7C53F1CB4CADE0031523C /* emptystart.png */; };
		C2F7C5431CB4CADE0031523C /* fullstar.png in Resources */ = {isa = PBXBuildFile; fileRef = C2F7C5401CB4CADE0031523C /* fullstar.png */; };
		C2F7C5441CB4CADE0031523C /* halfstart.png in Resources */ = {isa = PBXBuildFile; fileRef = C2F7C5411CB4CADE0031523C /* halfstart.png */; };
		FBC45C781CD0A5500013145C /* Security.framework in Frameworks */ = {isa = PBXBuildFile; fileRef = FBC45C771CD0A5500013145C /* Security.framework */; };
		FBC45C7C1CD0A62E0013145C /* KeychainWrapper.m in Sources */ = {isa = PBXBuildFile; fileRef = FBC45C7B1CD0A62E0013145C /* KeychainWrapper.m */; };
		FBF9EE441C84E91A001E3F2D /* AppDelegate.swift in Sources */ = {isa = PBXBuildFile; fileRef = FBF9EE431C84E91A001E3F2D /* AppDelegate.swift */; };
		FBF9EE491C84E91A001E3F2D /* Main.storyboard in Resources */ = {isa = PBXBuildFile; fileRef = FBF9EE471C84E91A001E3F2D /* Main.storyboard */; };
		FBF9EE4B1C84E91A001E3F2D /* Assets.xcassets in Resources */ = {isa = PBXBuildFile; fileRef = FBF9EE4A1C84E91A001E3F2D /* Assets.xcassets */; };
		FBF9EE4E1C84E91A001E3F2D /* LaunchScreen.storyboard in Resources */ = {isa = PBXBuildFile; fileRef = FBF9EE4C1C84E91A001E3F2D /* LaunchScreen.storyboard */; };
		FBF9EE591C84E91A001E3F2D /* tutorFinderTests.swift in Sources */ = {isa = PBXBuildFile; fileRef = FBF9EE581C84E91A001E3F2D /* tutorFinderTests.swift */; };
		FBF9EE641C84E91A001E3F2D /* tutorFinderUITests.swift in Sources */ = {isa = PBXBuildFile; fileRef = FBF9EE631C84E91A001E3F2D /* tutorFinderUITests.swift */; };
/* End PBXBuildFile section */

/* Begin PBXContainerItemProxy section */
		FBF9EE551C84E91A001E3F2D /* PBXContainerItemProxy */ = {
			isa = PBXContainerItemProxy;
			containerPortal = FBF9EE381C84E91A001E3F2D /* Project object */;
			proxyType = 1;
			remoteGlobalIDString = FBF9EE3F1C84E91A001E3F2D;
			remoteInfo = tutorFinder;
		};
		FBF9EE601C84E91A001E3F2D /* PBXContainerItemProxy */ = {
			isa = PBXContainerItemProxy;
			containerPortal = FBF9EE381C84E91A001E3F2D /* Project object */;
			proxyType = 1;
			remoteGlobalIDString = FBF9EE3F1C84E91A001E3F2D;
			remoteInfo = tutorFinder;
		};
/* End PBXContainerItemProxy section */

/* Begin PBXFileReference section */
		3657224E1CD1DF0E001C5B64 /* UserProfileTableViewController.swift */ = {isa = PBXFileReference; fileEncoding = 4; lastKnownFileType = sourcecode.swift; path = UserProfileTableViewController.swift; sourceTree = "<group>"; };
		3669CB9B1CB341E200308F98 /* SignUpViewController.swift */ = {isa = PBXFileReference; fileEncoding = 4; lastKnownFileType = sourcecode.swift; path = SignUpViewController.swift; sourceTree = "<group>"; };
		3669CBA11CB3584E00308F98 /* FilterTableViewController.swift */ = {isa = PBXFileReference; fileEncoding = 4; lastKnownFileType = sourcecode.swift; path = FilterTableViewController.swift; sourceTree = "<group>"; };
		3669CBA31CB3597400308F98 /* InboxTableViewController.swift */ = {isa = PBXFileReference; fileEncoding = 4; lastKnownFileType = sourcecode.swift; path = InboxTableViewController.swift; sourceTree = "<group>"; };
		3669CBA51CB365C600308F98 /* EditingTableViewController.swift */ = {isa = PBXFileReference; fileEncoding = 4; lastKnownFileType = sourcecode.swift; path = EditingTableViewController.swift; sourceTree = "<group>"; };
		3669CBA71CB3660600308F98 /* ProfileTableViewController.swift */ = {isa = PBXFileReference; fileEncoding = 4; lastKnownFileType = sourcecode.swift; path = ProfileTableViewController.swift; sourceTree = "<group>"; };
		36F8D38E1CB05BFF00DD4C09 /* LoginViewController.swift */ = {isa = PBXFileReference; fileEncoding = 4; lastKnownFileType = sourcecode.swift; path = LoginViewController.swift; sourceTree = "<group>"; };
		42FABE82B9192F7F3E993BF9 /* Pods.release.xcconfig */ = {isa = PBXFileReference; includeInIndex = 1; lastKnownFileType = text.xcconfig; name = Pods.release.xcconfig; path = "Pods/Target Support Files/Pods/Pods.release.xcconfig"; sourceTree = "<group>"; };
		56DA91E30BBCE9DC79A4B547 /* Pods.debug.xcconfig */ = {isa = PBXFileReference; includeInIndex = 1; lastKnownFileType = text.xcconfig; name = Pods.debug.xcconfig; path = "Pods/Target Support Files/Pods/Pods.debug.xcconfig"; sourceTree = "<group>"; };
		C20391151CB589AB0050C04B /* tutorfinder.jpeg */ = {isa = PBXFileReference; lastKnownFileType = image.jpeg; path = tutorfinder.jpeg; sourceTree = SOURCE_ROOT; };
		C2737AC61CC42E9400A579F5 /* Student.swift */ = {isa = PBXFileReference; fileEncoding = 4; lastKnownFileType = sourcecode.swift; path = Student.swift; sourceTree = "<group>"; };
		C2737AC81CC430DB00A579F5 /* StudentsRepo.swift */ = {isa = PBXFileReference; fileEncoding = 4; lastKnownFileType = sourcecode.swift; path = StudentsRepo.swift; sourceTree = "<group>"; };
		C2737ACA1CC43A4600A579F5 /* TutorTableViewController.swift */ = {isa = PBXFileReference; fileEncoding = 4; lastKnownFileType = sourcecode.swift; path = TutorTableViewController.swift; sourceTree = "<group>"; };
		C2737ACC1CC43AB100A579F5 /* TutorTableViewCell.swift */ = {isa = PBXFileReference; fileEncoding = 4; lastKnownFileType = sourcecode.swift; path = TutorTableViewCell.swift; sourceTree = "<group>"; };
		C2737ACE1CC4669D00A579F5 /* FilterDetailTableViewController.swift */ = {isa = PBXFileReference; fileEncoding = 4; lastKnownFileType = sourcecode.swift; path = FilterDetailTableViewController.swift; sourceTree = "<group>"; };
		C2737AD01CC46F8E00A579F5 /* Swift-Bridging-Header.h */ = {isa = PBXFileReference; lastKnownFileType = sourcecode.c.h; path = "Swift-Bridging-Header.h"; sourceTree = "<group>"; };
		C2E854311CCC0A2F0043893A /* BackendUtilities.swift */ = {isa = PBXFileReference; fileEncoding = 4; lastKnownFileType = sourcecode.swift; path = BackendUtilities.swift; sourceTree = "<group>"; };
		C2F7C5271CB498270031523C /* SGnJH4T.jpg */ = {isa = PBXFileReference; lastKnownFileType = image.jpeg; path = SGnJH4T.jpg; sourceTree = SOURCE_ROOT; };
		C2F7C5291CB498630031523C /* cute1.jpg */ = {isa = PBXFileReference; lastKnownFileType = image.jpeg; path = cute1.jpg; sourceTree = SOURCE_ROOT; };
		C2F7C52B1CB4AE080031523C /* filterCell.swift */ = {isa = PBXFileReference; fileEncoding = 4; lastKnownFileType = sourcecode.swift; path = filterCell.swift; sourceTree = "<group>"; };
		C2F7C52D1CB4B9DF0031523C /* facebook-avatar.jpg */ = {isa = PBXFileReference; lastKnownFileType = image.jpeg; path = "facebook-avatar.jpg"; sourceTree = SOURCE_ROOT; };
		C2F7C5311CB4C72A0031523C /* square-facebook-512.png */ = {isa = PBXFileReference; lastKnownFileType = image.png; path = "square-facebook-512.png"; sourceTree = SOURCE_ROOT; };
		C2F7C5321CB4C72A0031523C /* twitter_letter-512.png */ = {isa = PBXFileReference; lastKnownFileType = image.png; path = "twitter_letter-512.png"; sourceTree = SOURCE_ROOT; };
		C2F7C5331CB4C72A0031523C /* WeChat-Icon.png */ = {isa = PBXFileReference; lastKnownFileType = image.png; path = "WeChat-Icon.png"; sourceTree = SOURCE_ROOT; };
		C2F7C5371CB4C7D80031523C /* female.png */ = {isa = PBXFileReference; lastKnownFileType = image.png; path = female.png; sourceTree = SOURCE_ROOT; };
		C2F7C5381CB4C7D80031523C /* male.jpeg */ = {isa = PBXFileReference; lastKnownFileType = image.jpeg; path = male.jpeg; sourceTree = SOURCE_ROOT; };
		C2F7C5391CB4C7D80031523C /* unknow.png */ = {isa = PBXFileReference; lastKnownFileType = image.png; path = unknow.png; sourceTree = SOURCE_ROOT; };
		C2F7C53F1CB4CADE0031523C /* emptystart.png */ = {isa = PBXFileReference; lastKnownFileType = image.png; path = emptystart.png; sourceTree = SOURCE_ROOT; };
		C2F7C5401CB4CADE0031523C /* fullstar.png */ = {isa = PBXFileReference; lastKnownFileType = image.png; path = fullstar.png; sourceTree = SOURCE_ROOT; };
		C2F7C5411CB4CADE0031523C /* halfstart.png */ = {isa = PBXFileReference; lastKnownFileType = image.png; path = halfstart.png; sourceTree = SOURCE_ROOT; };
		D9DFA62E6A68146D6D28D3A9 /* Pods.framework */ = {isa = PBXFileReference; explicitFileType = wrapper.framework; includeInIndex = 0; path = Pods.framework; sourceTree = BUILT_PRODUCTS_DIR; };
		FBC45C771CD0A5500013145C /* Security.framework */ = {isa = PBXFileReference; lastKnownFileType = wrapper.framework; name = Security.framework; path = System/Library/Frameworks/Security.framework; sourceTree = SDKROOT; };
		FBC45C791CD0A62D0013145C /* tutorFinder-Bridging-Header.h */ = {isa = PBXFileReference; lastKnownFileType = sourcecode.c.h; path = "tutorFinder-Bridging-Header.h"; sourceTree = "<group>"; };
		FBC45C7A1CD0A62E0013145C /* KeychainWrapper.h */ = {isa = PBXFileReference; fileEncoding = 4; lastKnownFileType = sourcecode.c.h; path = KeychainWrapper.h; sourceTree = "<group>"; };
		FBC45C7B1CD0A62E0013145C /* KeychainWrapper.m */ = {isa = PBXFileReference; fileEncoding = 4; lastKnownFileType = sourcecode.c.objc; path = KeychainWrapper.m; sourceTree = "<group>"; };
		FBF9EE401C84E91A001E3F2D /* tutorFinder.app */ = {isa = PBXFileReference; explicitFileType = wrapper.application; includeInIndex = 0; path = tutorFinder.app; sourceTree = BUILT_PRODUCTS_DIR; };
		FBF9EE431C84E91A001E3F2D /* AppDelegate.swift */ = {isa = PBXFileReference; lastKnownFileType = sourcecode.swift; path = AppDelegate.swift; sourceTree = "<group>"; };
		FBF9EE481C84E91A001E3F2D /* Base */ = {isa = PBXFileReference; lastKnownFileType = file.storyboard; name = Base; path = Base.lproj/Main.storyboard; sourceTree = "<group>"; };
		FBF9EE4A1C84E91A001E3F2D /* Assets.xcassets */ = {isa = PBXFileReference; lastKnownFileType = folder.assetcatalog; path = Assets.xcassets; sourceTree = "<group>"; };
		FBF9EE4D1C84E91A001E3F2D /* Base */ = {isa = PBXFileReference; lastKnownFileType = file.storyboard; name = Base; path = Base.lproj/LaunchScreen.storyboard; sourceTree = "<group>"; };
		FBF9EE4F1C84E91A001E3F2D /* Info.plist */ = {isa = PBXFileReference; lastKnownFileType = text.plist.xml; path = Info.plist; sourceTree = "<group>"; };
		FBF9EE541C84E91A001E3F2D /* tutorFinderTests.xctest */ = {isa = PBXFileReference; explicitFileType = wrapper.cfbundle; includeInIndex = 0; path = tutorFinderTests.xctest; sourceTree = BUILT_PRODUCTS_DIR; };
		FBF9EE581C84E91A001E3F2D /* tutorFinderTests.swift */ = {isa = PBXFileReference; lastKnownFileType = sourcecode.swift; path = tutorFinderTests.swift; sourceTree = "<group>"; };
		FBF9EE5A1C84E91A001E3F2D /* Info.plist */ = {isa = PBXFileReference; lastKnownFileType = text.plist.xml; path = Info.plist; sourceTree = "<group>"; };
		FBF9EE5F1C84E91A001E3F2D /* tutorFinderUITests.xctest */ = {isa = PBXFileReference; explicitFileType = wrapper.cfbundle; includeInIndex = 0; path = tutorFinderUITests.xctest; sourceTree = BUILT_PRODUCTS_DIR; };
		FBF9EE631C84E91A001E3F2D /* tutorFinderUITests.swift */ = {isa = PBXFileReference; lastKnownFileType = sourcecode.swift; path = tutorFinderUITests.swift; sourceTree = "<group>"; };
		FBF9EE651C84E91A001E3F2D /* Info.plist */ = {isa = PBXFileReference; lastKnownFileType = text.plist.xml; path = Info.plist; sourceTree = "<group>"; };
/* End PBXFileReference section */

/* Begin PBXFrameworksBuildPhase section */
		FBF9EE3D1C84E91A001E3F2D /* Frameworks */ = {
			isa = PBXFrameworksBuildPhase;
			buildActionMask = 2147483647;
			files = (
				FBC45C781CD0A5500013145C /* Security.framework in Frameworks */,
				7753BB6C060CB85E945CEFF5 /* Pods.framework in Frameworks */,
			);
			runOnlyForDeploymentPostprocessing = 0;
		};
		FBF9EE511C84E91A001E3F2D /* Frameworks */ = {
			isa = PBXFrameworksBuildPhase;
			buildActionMask = 2147483647;
			files = (
			);
			runOnlyForDeploymentPostprocessing = 0;
		};
		FBF9EE5C1C84E91A001E3F2D /* Frameworks */ = {
			isa = PBXFrameworksBuildPhase;
			buildActionMask = 2147483647;
			files = (
			);
			runOnlyForDeploymentPostprocessing = 0;
		};
/* End PBXFrameworksBuildPhase section */

/* Begin PBXGroup section */
		8DD19F93B79794E24707ED5F /* Frameworks */ = {
			isa = PBXGroup;
			children = (
				FBC45C771CD0A5500013145C /* Security.framework */,
				D9DFA62E6A68146D6D28D3A9 /* Pods.framework */,
			);
			name = Frameworks;
			sourceTree = "<group>";
		};
		A25AB4AD06787449F6A8BF35 /* Pods */ = {
			isa = PBXGroup;
			children = (
				56DA91E30BBCE9DC79A4B547 /* Pods.debug.xcconfig */,
				42FABE82B9192F7F3E993BF9 /* Pods.release.xcconfig */,
			);
			name = Pods;
			sourceTree = "<group>";
		};
		C242981F1CC1B47600C4D556 /* json */ = {
			isa = PBXGroup;
			children = (
				C2737AC61CC42E9400A579F5 /* Student.swift */,
				C2737AC81CC430DB00A579F5 /* StudentsRepo.swift */,
			);
			name = json;
			sourceTree = "<group>";
		};
		FBF9EE371C84E91A001E3F2D = {
			isa = PBXGroup;
			children = (
				FBF9EE421C84E91A001E3F2D /* tutorFinder */,
				FBF9EE571C84E91A001E3F2D /* tutorFinderTests */,
				FBF9EE621C84E91A001E3F2D /* tutorFinderUITests */,
				FBF9EE411C84E91A001E3F2D /* Products */,
				A25AB4AD06787449F6A8BF35 /* Pods */,
				8DD19F93B79794E24707ED5F /* Frameworks */,
			);
			sourceTree = "<group>";
		};
		FBF9EE411C84E91A001E3F2D /* Products */ = {
			isa = PBXGroup;
			children = (
				FBF9EE401C84E91A001E3F2D /* tutorFinder.app */,
				FBF9EE541C84E91A001E3F2D /* tutorFinderTests.xctest */,
				FBF9EE5F1C84E91A001E3F2D /* tutorFinderUITests.xctest */,
			);
			name = Products;
			sourceTree = "<group>";
		};
		FBF9EE421C84E91A001E3F2D /* tutorFinder */ = {
			isa = PBXGroup;
			children = (
				C242981F1CC1B47600C4D556 /* json */,
				C20391151CB589AB0050C04B /* tutorfinder.jpeg */,
				C2F7C53F1CB4CADE0031523C /* emptystart.png */,
				C2F7C5411CB4CADE0031523C /* halfstart.png */,
				C2F7C5401CB4CADE0031523C /* fullstar.png */,
				C2F7C5371CB4C7D80031523C /* female.png */,
				C2F7C5381CB4C7D80031523C /* male.jpeg */,
				C2F7C5391CB4C7D80031523C /* unknow.png */,
				C2F7C5311CB4C72A0031523C /* square-facebook-512.png */,
				C2F7C5321CB4C72A0031523C /* twitter_letter-512.png */,
				C2F7C5331CB4C72A0031523C /* WeChat-Icon.png */,
				C2F7C52D1CB4B9DF0031523C /* facebook-avatar.jpg */,
				C2F7C5291CB498630031523C /* cute1.jpg */,
				C2F7C5271CB498270031523C /* SGnJH4T.jpg */,
				FBF9EE431C84E91A001E3F2D /* AppDelegate.swift */,
				FBF9EE471C84E91A001E3F2D /* Main.storyboard */,
				3669CB9B1CB341E200308F98 /* SignUpViewController.swift */,
				3669CBA71CB3660600308F98 /* ProfileTableViewController.swift */,
				3669CBA51CB365C600308F98 /* EditingTableViewController.swift */,
				FBC45C7A1CD0A62E0013145C /* KeychainWrapper.h */,
				FBC45C7B1CD0A62E0013145C /* KeychainWrapper.m */,
				3669CBA31CB3597400308F98 /* InboxTableViewController.swift */,
				C2F7C52B1CB4AE080031523C /* filterCell.swift */,
				3669CBA11CB3584E00308F98 /* FilterTableViewController.swift */,
				C2737ACE1CC4669D00A579F5 /* FilterDetailTableViewController.swift */,
				36F8D38E1CB05BFF00DD4C09 /* LoginViewController.swift */,
				C2737ACA1CC43A4600A579F5 /* TutorTableViewController.swift */,
				C2737ACC1CC43AB100A579F5 /* TutorTableViewCell.swift */,
				FBF9EE4F1C84E91A001E3F2D /* Info.plist */,
				FBF9EE4C1C84E91A001E3F2D /* LaunchScreen.storyboard */,
				FBF9EE4A1C84E91A001E3F2D /* Assets.xcassets */,
				C2737AD01CC46F8E00A579F5 /* Swift-Bridging-Header.h */,
				C2E854311CCC0A2F0043893A /* BackendUtilities.swift */,
				FBC45C791CD0A62D0013145C /* tutorFinder-Bridging-Header.h */,
				3657224E1CD1DF0E001C5B64 /* UserProfileTableViewController.swift */,
			);
			path = tutorFinder;
			sourceTree = "<group>";
		};
		FBF9EE571C84E91A001E3F2D /* tutorFinderTests */ = {
			isa = PBXGroup;
			children = (
				FBF9EE581C84E91A001E3F2D /* tutorFinderTests.swift */,
				FBF9EE5A1C84E91A001E3F2D /* Info.plist */,
			);
			path = tutorFinderTests;
			sourceTree = "<group>";
		};
		FBF9EE621C84E91A001E3F2D /* tutorFinderUITests */ = {
			isa = PBXGroup;
			children = (
				FBF9EE631C84E91A001E3F2D /* tutorFinderUITests.swift */,
				FBF9EE651C84E91A001E3F2D /* Info.plist */,
			);
			path = tutorFinderUITests;
			sourceTree = "<group>";
		};
/* End PBXGroup section */

/* Begin PBXNativeTarget section */
		FBF9EE3F1C84E91A001E3F2D /* tutorFinder */ = {
			isa = PBXNativeTarget;
			buildConfigurationList = FBF9EE681C84E91A001E3F2D /* Build configuration list for PBXNativeTarget "tutorFinder" */;
			buildPhases = (
				9ADFEB095A7BFFF960A004A9 /* Check Pods Manifest.lock */,
				FBF9EE3C1C84E91A001E3F2D /* Sources */,
				FBF9EE3D1C84E91A001E3F2D /* Frameworks */,
				FBF9EE3E1C84E91A001E3F2D /* Resources */,
				786B3CB32970B4A9DDA8EEAD /* Embed Pods Frameworks */,
				53F0E06CCDFB8915B9986FDC /* Copy Pods Resources */,
			);
			buildRules = (
			);
			dependencies = (
			);
			name = tutorFinder;
			productName = tutorFinder;
			productReference = FBF9EE401C84E91A001E3F2D /* tutorFinder.app */;
			productType = "com.apple.product-type.application";
		};
		FBF9EE531C84E91A001E3F2D /* tutorFinderTests */ = {
			isa = PBXNativeTarget;
			buildConfigurationList = FBF9EE6B1C84E91A001E3F2D /* Build configuration list for PBXNativeTarget "tutorFinderTests" */;
			buildPhases = (
				FBF9EE501C84E91A001E3F2D /* Sources */,
				FBF9EE511C84E91A001E3F2D /* Frameworks */,
				FBF9EE521C84E91A001E3F2D /* Resources */,
			);
			buildRules = (
			);
			dependencies = (
				FBF9EE561C84E91A001E3F2D /* PBXTargetDependency */,
			);
			name = tutorFinderTests;
			productName = tutorFinderTests;
			productReference = FBF9EE541C84E91A001E3F2D /* tutorFinderTests.xctest */;
			productType = "com.apple.product-type.bundle.unit-test";
		};
		FBF9EE5E1C84E91A001E3F2D /* tutorFinderUITests */ = {
			isa = PBXNativeTarget;
			buildConfigurationList = FBF9EE6E1C84E91A001E3F2D /* Build configuration list for PBXNativeTarget "tutorFinderUITests" */;
			buildPhases = (
				FBF9EE5B1C84E91A001E3F2D /* Sources */,
				FBF9EE5C1C84E91A001E3F2D /* Frameworks */,
				FBF9EE5D1C84E91A001E3F2D /* Resources */,
			);
			buildRules = (
			);
			dependencies = (
				FBF9EE611C84E91A001E3F2D /* PBXTargetDependency */,
			);
			name = tutorFinderUITests;
			productName = tutorFinderUITests;
			productReference = FBF9EE5F1C84E91A001E3F2D /* tutorFinderUITests.xctest */;
			productType = "com.apple.product-type.bundle.ui-testing";
		};
/* End PBXNativeTarget section */

/* Begin PBXProject section */
		FBF9EE381C84E91A001E3F2D /* Project object */ = {
			isa = PBXProject;
			attributes = {
				LastSwiftUpdateCheck = 0730;
				LastUpgradeCheck = 0710;
				ORGANIZATIONNAME = ZhangYipeng;
				TargetAttributes = {
					FBF9EE3F1C84E91A001E3F2D = {
						CreatedOnToolsVersion = 7.1;
					};
					FBF9EE531C84E91A001E3F2D = {
						CreatedOnToolsVersion = 7.1;
						TestTargetID = FBF9EE3F1C84E91A001E3F2D;
					};
					FBF9EE5E1C84E91A001E3F2D = {
						CreatedOnToolsVersion = 7.1;
						TestTargetID = FBF9EE3F1C84E91A001E3F2D;
					};
				};
			};
			buildConfigurationList = FBF9EE3B1C84E91A001E3F2D /* Build configuration list for PBXProject "tutorFinder" */;
			compatibilityVersion = "Xcode 3.2";
			developmentRegion = English;
			hasScannedForEncodings = 0;
			knownRegions = (
				en,
				Base,
			);
			mainGroup = FBF9EE371C84E91A001E3F2D;
			productRefGroup = FBF9EE411C84E91A001E3F2D /* Products */;
			projectDirPath = "";
			projectRoot = "";
			targets = (
				FBF9EE3F1C84E91A001E3F2D /* tutorFinder */,
				FBF9EE531C84E91A001E3F2D /* tutorFinderTests */,
				FBF9EE5E1C84E91A001E3F2D /* tutorFinderUITests */,
			);
		};
/* End PBXProject section */

/* Begin PBXResourcesBuildPhase section */
		FBF9EE3E1C84E91A001E3F2D /* Resources */ = {
			isa = PBXResourcesBuildPhase;
			buildActionMask = 2147483647;
			files = (
				C2F7C5351CB4C72A0031523C /* twitter_letter-512.png in Resources */,
				C2F7C5281CB498270031523C /* SGnJH4T.jpg in Resources */,
				FBF9EE4E1C84E91A001E3F2D /* LaunchScreen.storyboard in Resources */,
				C2F7C52E1CB4B9DF0031523C /* facebook-avatar.jpg in Resources */,
				C2F7C53A1CB4C7D80031523C /* female.png in Resources */,
				C2F7C53B1CB4C7D80031523C /* male.jpeg in Resources */,
				C2F7C5431CB4CADE0031523C /* fullstar.png in Resources */,
				C2F7C52A1CB498630031523C /* cute1.jpg in Resources */,
				C2F7C53C1CB4C7D80031523C /* unknow.png in Resources */,
				FBF9EE4B1C84E91A001E3F2D /* Assets.xcassets in Resources */,
				C20391161CB589AB0050C04B /* tutorfinder.jpeg in Resources */,
				C2F7C5341CB4C72A0031523C /* square-facebook-512.png in Resources */,
				C2F7C5441CB4CADE0031523C /* halfstart.png in Resources */,
				C2F7C5421CB4CADE0031523C /* emptystart.png in Resources */,
				FBF9EE491C84E91A001E3F2D /* Main.storyboard in Resources */,
				C2F7C5361CB4C72A0031523C /* WeChat-Icon.png in Resources */,
			);
			runOnlyForDeploymentPostprocessing = 0;
		};
		FBF9EE521C84E91A001E3F2D /* Resources */ = {
			isa = PBXResourcesBuildPhase;
			buildActionMask = 2147483647;
			files = (
			);
			runOnlyForDeploymentPostprocessing = 0;
		};
		FBF9EE5D1C84E91A001E3F2D /* Resources */ = {
			isa = PBXResourcesBuildPhase;
			buildActionMask = 2147483647;
			files = (
			);
			runOnlyForDeploymentPostprocessing = 0;
		};
/* End PBXResourcesBuildPhase section */

/* Begin PBXShellScriptBuildPhase section */
		53F0E06CCDFB8915B9986FDC /* Copy Pods Resources */ = {
			isa = PBXShellScriptBuildPhase;
			buildActionMask = 2147483647;
			files = (
			);
			inputPaths = (
			);
			name = "Copy Pods Resources";
			outputPaths = (
			);
			runOnlyForDeploymentPostprocessing = 0;
			shellPath = /bin/sh;
			shellScript = "\"${SRCROOT}/Pods/Target Support Files/Pods/Pods-resources.sh\"\n";
			showEnvVarsInLog = 0;
		};
		786B3CB32970B4A9DDA8EEAD /* Embed Pods Frameworks */ = {
			isa = PBXShellScriptBuildPhase;
			buildActionMask = 2147483647;
			files = (
			);
			inputPaths = (
			);
			name = "Embed Pods Frameworks";
			outputPaths = (
			);
			runOnlyForDeploymentPostprocessing = 0;
			shellPath = /bin/sh;
			shellScript = "\"${SRCROOT}/Pods/Target Support Files/Pods/Pods-frameworks.sh\"\n";
			showEnvVarsInLog = 0;
		};
		9ADFEB095A7BFFF960A004A9 /* Check Pods Manifest.lock */ = {
			isa = PBXShellScriptBuildPhase;
			buildActionMask = 2147483647;
			files = (
			);
			inputPaths = (
			);
			name = "Check Pods Manifest.lock";
			outputPaths = (
			);
			runOnlyForDeploymentPostprocessing = 0;
			shellPath = /bin/sh;
			shellScript = "diff \"${PODS_ROOT}/../Podfile.lock\" \"${PODS_ROOT}/Manifest.lock\" > /dev/null\nif [[ $? != 0 ]] ; then\n    cat << EOM\nerror: The sandbox is not in sync with the Podfile.lock. Run 'pod install' or update your CocoaPods installation.\nEOM\n    exit 1\nfi\n";
			showEnvVarsInLog = 0;
		};
/* End PBXShellScriptBuildPhase section */

/* Begin PBXSourcesBuildPhase section */
		FBF9EE3C1C84E91A001E3F2D /* Sources */ = {
			isa = PBXSourcesBuildPhase;
			buildActionMask = 2147483647;
			files = (
				C2737ACB1CC43A4600A579F5 /* TutorTableViewController.swift in Sources */,
				3669CBA81CB3660600308F98 /* ProfileTableViewController.swift in Sources */,
				C2737ACD1CC43AB100A579F5 /* TutorTableViewCell.swift in Sources */,
				3669CBA41CB3597400308F98 /* InboxTableViewController.swift in Sources */,
				C2737AC71CC42E9400A579F5 /* Student.swift in Sources */,
				36F8D38F1CB05BFF00DD4C09 /* LoginViewController.swift in Sources */,
				3657224F1CD1DF0E001C5B64 /* UserProfileTableViewController.swift in Sources */,
				3669CBA21CB3584E00308F98 /* FilterTableViewController.swift in Sources */,
				3669CBA61CB365C600308F98 /* EditingTableViewController.swift in Sources */,
				3669CB9C1CB341E200308F98 /* SignUpViewController.swift in Sources */,
				FBC45C7C1CD0A62E0013145C /* KeychainWrapper.m in Sources */,
				C2E854321CCC0A2F0043893A /* BackendUtilities.swift in Sources */,
				C2737ACF1CC4669D00A579F5 /* FilterDetailTableViewController.swift in Sources */,
				C2737AC91CC430DB00A579F5 /* StudentsRepo.swift in Sources */,
				FBF9EE441C84E91A001E3F2D /* AppDelegate.swift in Sources */,
				C2F7C52C1CB4AE080031523C /* filterCell.swift in Sources */,
			);
			runOnlyForDeploymentPostprocessing = 0;
		};
		FBF9EE501C84E91A001E3F2D /* Sources */ = {
			isa = PBXSourcesBuildPhase;
			buildActionMask = 2147483647;
			files = (
				FBF9EE591C84E91A001E3F2D /* tutorFinderTests.swift in Sources */,
			);
			runOnlyForDeploymentPostprocessing = 0;
		};
		FBF9EE5B1C84E91A001E3F2D /* Sources */ = {
			isa = PBXSourcesBuildPhase;
			buildActionMask = 2147483647;
			files = (
				FBF9EE641C84E91A001E3F2D /* tutorFinderUITests.swift in Sources */,
			);
			runOnlyForDeploymentPostprocessing = 0;
		};
/* End PBXSourcesBuildPhase section */

/* Begin PBXTargetDependency section */
		FBF9EE561C84E91A001E3F2D /* PBXTargetDependency */ = {
			isa = PBXTargetDependency;
			target = FBF9EE3F1C84E91A001E3F2D /* tutorFinder */;
			targetProxy = FBF9EE551C84E91A001E3F2D /* PBXContainerItemProxy */;
		};
		FBF9EE611C84E91A001E3F2D /* PBXTargetDependency */ = {
			isa = PBXTargetDependency;
			target = FBF9EE3F1C84E91A001E3F2D /* tutorFinder */;
			targetProxy = FBF9EE601C84E91A001E3F2D /* PBXContainerItemProxy */;
		};
/* End PBXTargetDependency section */

/* Begin PBXVariantGroup section */
		FBF9EE471C84E91A001E3F2D /* Main.storyboard */ = {
			isa = PBXVariantGroup;
			children = (
				FBF9EE481C84E91A001E3F2D /* Base */,
			);
			name = Main.storyboard;
			sourceTree = "<group>";
		};
		FBF9EE4C1C84E91A001E3F2D /* LaunchScreen.storyboard */ = {
			isa = PBXVariantGroup;
			children = (
				FBF9EE4D1C84E91A001E3F2D /* Base */,
			);
			name = LaunchScreen.storyboard;
			sourceTree = "<group>";
		};
/* End PBXVariantGroup section */

/* Begin XCBuildConfiguration section */
		FBF9EE661C84E91A001E3F2D /* Debug */ = {
			isa = XCBuildConfiguration;
			buildSettings = {
				ALWAYS_SEARCH_USER_PATHS = NO;
				CLANG_CXX_LANGUAGE_STANDARD = "gnu++0x";
				CLANG_CXX_LIBRARY = "libc++";
				CLANG_ENABLE_MODULES = YES;
				CLANG_ENABLE_OBJC_ARC = YES;
				CLANG_WARN_BOOL_CONVERSION = YES;
				CLANG_WARN_CONSTANT_CONVERSION = YES;
				CLANG_WARN_DIRECT_OBJC_ISA_USAGE = YES_ERROR;
				CLANG_WARN_EMPTY_BODY = YES;
				CLANG_WARN_ENUM_CONVERSION = YES;
				CLANG_WARN_INT_CONVERSION = YES;
				CLANG_WARN_OBJC_ROOT_CLASS = YES_ERROR;
				CLANG_WARN_UNREACHABLE_CODE = YES;
				CLANG_WARN__DUPLICATE_METHOD_MATCH = YES;
				"CODE_SIGN_IDENTITY[sdk=iphoneos*]" = "iPhone Developer";
				COPY_PHASE_STRIP = NO;
				DEBUG_INFORMATION_FORMAT = dwarf;
				ENABLE_STRICT_OBJC_MSGSEND = YES;
				ENABLE_TESTABILITY = YES;
				GCC_C_LANGUAGE_STANDARD = gnu99;
				GCC_DYNAMIC_NO_PIC = NO;
				GCC_NO_COMMON_BLOCKS = YES;
				GCC_OPTIMIZATION_LEVEL = 0;
				GCC_PREPROCESSOR_DEFINITIONS = (
					"DEBUG=1",
					"$(inherited)",
				);
				GCC_WARN_64_TO_32_BIT_CONVERSION = YES;
				GCC_WARN_ABOUT_RETURN_TYPE = YES_ERROR;
				GCC_WARN_UNDECLARED_SELECTOR = YES;
				GCC_WARN_UNINITIALIZED_AUTOS = YES_AGGRESSIVE;
				GCC_WARN_UNUSED_FUNCTION = YES;
				GCC_WARN_UNUSED_VARIABLE = YES;
				IPHONEOS_DEPLOYMENT_TARGET = 9.1;
				MTL_ENABLE_DEBUG_INFO = YES;
				ONLY_ACTIVE_ARCH = YES;
				SDKROOT = iphoneos;
				SWIFT_OPTIMIZATION_LEVEL = "-Onone";
			};
			name = Debug;
		};
		FBF9EE671C84E91A001E3F2D /* Release */ = {
			isa = XCBuildConfiguration;
			buildSettings = {
				ALWAYS_SEARCH_USER_PATHS = NO;
				CLANG_CXX_LANGUAGE_STANDARD = "gnu++0x";
				CLANG_CXX_LIBRARY = "libc++";
				CLANG_ENABLE_MODULES = YES;
				CLANG_ENABLE_OBJC_ARC = YES;
				CLANG_WARN_BOOL_CONVERSION = YES;
				CLANG_WARN_CONSTANT_CONVERSION = YES;
				CLANG_WARN_DIRECT_OBJC_ISA_USAGE = YES_ERROR;
				CLANG_WARN_EMPTY_BODY = YES;
				CLANG_WARN_ENUM_CONVERSION = YES;
				CLANG_WARN_INT_CONVERSION = YES;
				CLANG_WARN_OBJC_ROOT_CLASS = YES_ERROR;
				CLANG_WARN_UNREACHABLE_CODE = YES;
				CLANG_WARN__DUPLICATE_METHOD_MATCH = YES;
				"CODE_SIGN_IDENTITY[sdk=iphoneos*]" = "iPhone Developer";
				COPY_PHASE_STRIP = NO;
				DEBUG_INFORMATION_FORMAT = "dwarf-with-dsym";
				ENABLE_NS_ASSERTIONS = NO;
				ENABLE_STRICT_OBJC_MSGSEND = YES;
				GCC_C_LANGUAGE_STANDARD = gnu99;
				GCC_NO_COMMON_BLOCKS = YES;
				GCC_WARN_64_TO_32_BIT_CONVERSION = YES;
				GCC_WARN_ABOUT_RETURN_TYPE = YES_ERROR;
				GCC_WARN_UNDECLARED_SELECTOR = YES;
				GCC_WARN_UNINITIALIZED_AUTOS = YES_AGGRESSIVE;
				GCC_WARN_UNUSED_FUNCTION = YES;
				GCC_WARN_UNUSED_VARIABLE = YES;
				IPHONEOS_DEPLOYMENT_TARGET = 9.1;
				MTL_ENABLE_DEBUG_INFO = NO;
				SDKROOT = iphoneos;
				VALIDATE_PRODUCT = YES;
			};
			name = Release;
		};
		FBF9EE691C84E91A001E3F2D /* Debug */ = {
			isa = XCBuildConfiguration;
			baseConfigurationReference = 56DA91E30BBCE9DC79A4B547 /* Pods.debug.xcconfig */;
			buildSettings = {
				ASSETCATALOG_COMPILER_APPICON_NAME = AppIcon;
				CLANG_ENABLE_MODULES = YES;
				INFOPLIST_FILE = tutorFinder/Info.plist;
				IPHONEOS_DEPLOYMENT_TARGET = 9.1;
				LD_RUNPATH_SEARCH_PATHS = "$(inherited) @executable_path/Frameworks";
				PRODUCT_BUNDLE_IDENTIFIER = com.yipeng.tutorFinder;
				PRODUCT_NAME = "$(TARGET_NAME)";
				SWIFT_OBJC_BRIDGING_HEADER = "tutorFinder/tutorFinder-Bridging-Header.h";
				SWIFT_OPTIMIZATION_LEVEL = "-Onone";
			};
			name = Debug;
		};
		FBF9EE6A1C84E91A001E3F2D /* Release */ = {
			isa = XCBuildConfiguration;
			baseConfigurationReference = 42FABE82B9192F7F3E993BF9 /* Pods.release.xcconfig */;
			buildSettings = {
				ASSETCATALOG_COMPILER_APPICON_NAME = AppIcon;
				CLANG_ENABLE_MODULES = YES;
				INFOPLIST_FILE = tutorFinder/Info.plist;
				IPHONEOS_DEPLOYMENT_TARGET = 9.1;
				LD_RUNPATH_SEARCH_PATHS = "$(inherited) @executable_path/Frameworks";
				PRODUCT_BUNDLE_IDENTIFIER = com.yipeng.tutorFinder;
				PRODUCT_NAME = "$(TARGET_NAME)";
				SWIFT_OBJC_BRIDGING_HEADER = "tutorFinder/tutorFinder-Bridging-Header.h";
			};
			name = Release;
		};
		FBF9EE6C1C84E91A001E3F2D /* Debug */ = {
			isa = XCBuildConfiguration;
			buildSettings = {
				BUNDLE_LOADER = "$(TEST_HOST)";
				INFOPLIST_FILE = tutorFinderTests/Info.plist;
				LD_RUNPATH_SEARCH_PATHS = "$(inherited) @executable_path/Frameworks @loader_path/Frameworks";
				PRODUCT_BUNDLE_IDENTIFIER = com.yipeng.tutorFinderTests;
				PRODUCT_NAME = "$(TARGET_NAME)";
				TEST_HOST = "$(BUILT_PRODUCTS_DIR)/tutorFinder.app/tutorFinder";
			};
			name = Debug;
		};
		FBF9EE6D1C84E91A001E3F2D /* Release */ = {
			isa = XCBuildConfiguration;
			buildSettings = {
				BUNDLE_LOADER = "$(TEST_HOST)";
				INFOPLIST_FILE = tutorFinderTests/Info.plist;
				LD_RUNPATH_SEARCH_PATHS = "$(inherited) @executable_path/Frameworks @loader_path/Frameworks";
				PRODUCT_BUNDLE_IDENTIFIER = com.yipeng.tutorFinderTests;
				PRODUCT_NAME = "$(TARGET_NAME)";
				TEST_HOST = "$(BUILT_PRODUCTS_DIR)/tutorFinder.app/tutorFinder";
			};
			name = Release;
		};
		FBF9EE6F1C84E91A001E3F2D /* Debug */ = {
			isa = XCBuildConfiguration;
			buildSettings = {
				INFOPLIST_FILE = tutorFinderUITests/Info.plist;
				LD_RUNPATH_SEARCH_PATHS = "$(inherited) @executable_path/Frameworks @loader_path/Frameworks";
				PRODUCT_BUNDLE_IDENTIFIER = com.yipeng.tutorFinderUITests;
				PRODUCT_NAME = "$(TARGET_NAME)";
				TEST_TARGET_NAME = tutorFinder;
				USES_XCTRUNNER = YES;
			};
			name = Debug;
		};
		FBF9EE701C84E91A001E3F2D /* Release */ = {
			isa = XCBuildConfiguration;
			buildSettings = {
				INFOPLIST_FILE = tutorFinderUITests/Info.plist;
				LD_RUNPATH_SEARCH_PATHS = "$(inherited) @executable_path/Frameworks @loader_path/Frameworks";
				PRODUCT_BUNDLE_IDENTIFIER = com.yipeng.tutorFinderUITests;
				PRODUCT_NAME = "$(TARGET_NAME)";
				TEST_TARGET_NAME = tutorFinder;
				USES_XCTRUNNER = YES;
			};
			name = Release;
		};
/* End XCBuildConfiguration section */

/* Begin XCConfigurationList section */
		FBF9EE3B1C84E91A001E3F2D /* Build configuration list for PBXProject "tutorFinder" */ = {
			isa = XCConfigurationList;
			buildConfigurations = (
				FBF9EE661C84E91A001E3F2D /* Debug */,
				FBF9EE671C84E91A001E3F2D /* Release */,
			);
			defaultConfigurationIsVisible = 0;
			defaultConfigurationName = Release;
		};
		FBF9EE681C84E91A001E3F2D /* Build configuration list for PBXNativeTarget "tutorFinder" */ = {
			isa = XCConfigurationList;
			buildConfigurations = (
				FBF9EE691C84E91A001E3F2D /* Debug */,
				FBF9EE6A1C84E91A001E3F2D /* Release */,
			);
			defaultConfigurationIsVisible = 0;
			defaultConfigurationName = Release;
		};
		FBF9EE6B1C84E91A001E3F2D /* Build configuration list for PBXNativeTarget "tutorFinderTests" */ = {
			isa = XCConfigurationList;
			buildConfigurations = (
				FBF9EE6C1C84E91A001E3F2D /* Debug */,
				FBF9EE6D1C84E91A001E3F2D /* Release */,
			);
			defaultConfigurationIsVisible = 0;
			defaultConfigurationName = Release;
		};
		FBF9EE6E1C84E91A001E3F2D /* Build configuration list for PBXNativeTarget "tutorFinderUITests" */ = {
			isa = XCConfigurationList;
			buildConfigurations = (
				FBF9EE6F1C84E91A001E3F2D /* Debug */,
				FBF9EE701C84E91A001E3F2D /* Release */,
			);
			defaultConfigurationIsVisible = 0;
			defaultConfigurationName = Release;
		};
/* End XCConfigurationList section */
	};
	rootObject = FBF9EE381C84E91A001E3F2D /* Project object */;
}
